// !$*UTF8*$!
{
	archiveVersion = 1;
	classes = {
	};
	objectVersion = 46;
	objects = {

/* Begin PBXBuildFile section */
		C1D64EF21936F81B00EFE881 /* Foundation.framework in Frameworks */ = {isa = PBXBuildFile; fileRef = C1D64EF11936F81B00EFE881 /* Foundation.framework */; };
		C1D64EF41936F81B00EFE881 /* CoreGraphics.framework in Frameworks */ = {isa = PBXBuildFile; fileRef = C1D64EF31936F81B00EFE881 /* CoreGraphics.framework */; };
		C1D64EF61936F81B00EFE881 /* UIKit.framework in Frameworks */ = {isa = PBXBuildFile; fileRef = C1D64EF51936F81B00EFE881 /* UIKit.framework */; };
		C1D64EFC1936F81B00EFE881 /* InfoPlist.strings in Resources */ = {isa = PBXBuildFile; fileRef = C1D64EFA1936F81B00EFE881 /* InfoPlist.strings */; };
		C1D64EFE1936F81B00EFE881 /* main.m in Sources */ = {isa = PBXBuildFile; fileRef = C1D64EFD1936F81B00EFE881 /* main.m */; };
		C1D64F021936F81B00EFE881 /* AppDelegate.m in Sources */ = {isa = PBXBuildFile; fileRef = C1D64F011936F81B00EFE881 /* AppDelegate.m */; };
		C1D64F051936F81B00EFE881 /* Main.storyboard in Resources */ = {isa = PBXBuildFile; fileRef = C1D64F031936F81B00EFE881 /* Main.storyboard */; };
		C1D64F081936F81B00EFE881 /* ViewController.m in Sources */ = {isa = PBXBuildFile; fileRef = C1D64F071936F81B00EFE881 /* ViewController.m */; };
		C1D64F0A1936F81B00EFE881 /* Images.xcassets in Resources */ = {isa = PBXBuildFile; fileRef = C1D64F091936F81B00EFE881 /* Images.xcassets */; };
		C1D64F111936F81B00EFE881 /* XCTest.framework in Frameworks */ = {isa = PBXBuildFile; fileRef = C1D64F101936F81B00EFE881 /* XCTest.framework */; };
		C1D64F121936F81B00EFE881 /* Foundation.framework in Frameworks */ = {isa = PBXBuildFile; fileRef = C1D64EF11936F81B00EFE881 /* Foundation.framework */; };
		C1D64F131936F81B00EFE881 /* UIKit.framework in Frameworks */ = {isa = PBXBuildFile; fileRef = C1D64EF51936F81B00EFE881 /* UIKit.framework */; };
		C1D64F1B1936F81B00EFE881 /* InfoPlist.strings in Resources */ = {isa = PBXBuildFile; fileRef = C1D64F191936F81B00EFE881 /* InfoPlist.strings */; };
		C1D64F1D1936F81B00EFE881 /* ChoosePassTests.m in Sources */ = {isa = PBXBuildFile; fileRef = C1D64F1C1936F81B00EFE881 /* ChoosePassTests.m */; };
/* End PBXBuildFile section */

/* Begin PBXContainerItemProxy section */
		C1D64F141936F81B00EFE881 /* PBXContainerItemProxy */ = {
			isa = PBXContainerItemProxy;
			containerPortal = C1D64EE61936F81B00EFE881 /* Project object */;
			proxyType = 1;
			remoteGlobalIDString = C1D64EED1936F81B00EFE881;
			remoteInfo = ChoosePass;
		};
/* End PBXContainerItemProxy section */

/* Begin PBXFileReference section */
		C1D64EEE1936F81B00EFE881 /* ChoosePass.app */ = {isa = PBXFileReference; explicitFileType = wrapper.application; includeInIndex = 0; path = ChoosePass.app; sourceTree = BUILT_PRODUCTS_DIR; };
		C1D64EF11936F81B00EFE881 /* Foundation.framework */ = {isa = PBXFileReference; lastKnownFileType = wrapper.framework; name = Foundation.framework; path = System/Library/Frameworks/Foundation.framework; sourceTree = SDKROOT; };
		C1D64EF31936F81B00EFE881 /* CoreGraphics.framework */ = {isa = PBXFileReference; lastKnownFileType = wrapper.framework; name = CoreGraphics.framework; path = System/Library/Frameworks/CoreGraphics.framework; sourceTree = SDKROOT; };
		C1D64EF51936F81B00EFE881 /* UIKit.framework */ = {isa = PBXFileReference; lastKnownFileType = wrapper.framework; name = UIKit.framework; path = System/Library/Frameworks/UIKit.framework; sourceTree = SDKROOT; };
		C1D64EF91936F81B00EFE881 /* ChoosePass-Info.plist */ = {isa = PBXFileReference; lastKnownFileType = text.plist.xml; path = "ChoosePass-Info.plist"; sourceTree = "<group>"; };
		C1D64EFB1936F81B00EFE881 /* en */ = {isa = PBXFileReference; lastKnownFileType = text.plist.strings; name = en; path = en.lproj/InfoPlist.strings; sourceTree = "<group>"; };
		C1D64EFD1936F81B00EFE881 /* main.m */ = {isa = PBXFileReference; lastKnownFileType = sourcecode.c.objc; path = main.m; sourceTree = "<group>"; };
		C1D64EFF1936F81B00EFE881 /* ChoosePass-Prefix.pch */ = {isa = PBXFileReference; lastKnownFileType = sourcecode.c.h; path = "ChoosePass-Prefix.pch"; sourceTree = "<group>"; };
		C1D64F001936F81B00EFE881 /* AppDelegate.h */ = {isa = PBXFileReference; lastKnownFileType = sourcecode.c.h; path = AppDelegate.h; sourceTree = "<group>"; };
		C1D64F011936F81B00EFE881 /* AppDelegate.m */ = {isa = PBXFileReference; lastKnownFileType = sourcecode.c.objc; path = AppDelegate.m; sourceTree = "<group>"; };
		C1D64F041936F81B00EFE881 /* Base */ = {isa = PBXFileReference; lastKnownFileType = file.storyboard; name = Base; path = Base.lproj/Main.storyboard; sourceTree = "<group>"; };
		C1D64F061936F81B00EFE881 /* ViewController.h */ = {isa = PBXFileReference; lastKnownFileType = sourcecode.c.h; path = ViewController.h; sourceTree = "<group>"; };
		C1D64F071936F81B00EFE881 /* ViewController.m */ = {isa = PBXFileReference; lastKnownFileType = sourcecode.c.objc; path = ViewController.m; sourceTree = "<group>"; };
		C1D64F091936F81B00EFE881 /* Images.xcassets */ = {isa = PBXFileReference; lastKnownFileType = folder.assetcatalog; path = Images.xcassets; sourceTree = "<group>"; };
		C1D64F0F1936F81B00EFE881 /* ChoosePassTests.xctest */ = {isa = PBXFileReference; explicitFileType = wrapper.cfbundle; includeInIndex = 0; path = ChoosePassTests.xctest; sourceTree = BUILT_PRODUCTS_DIR; };
		C1D64F101936F81B00EFE881 /* XCTest.framework */ = {isa = PBXFileReference; lastKnownFileType = wrapper.framework; name = XCTest.framework; path = Library/Frameworks/XCTest.framework; sourceTree = DEVELOPER_DIR; };
		C1D64F181936F81B00EFE881 /* ChoosePassTests-Info.plist */ = {isa = PBXFileReference; lastKnownFileType = text.plist.xml; path = "ChoosePassTests-Info.plist"; sourceTree = "<group>"; };
		C1D64F1A1936F81B00EFE881 /* en */ = {isa = PBXFileReference; lastKnownFileType = text.plist.strings; name = en; path = en.lproj/InfoPlist.strings; sourceTree = "<group>"; };
		C1D64F1C1936F81B00EFE881 /* ChoosePassTests.m */ = {isa = PBXFileReference; lastKnownFileType = sourcecode.c.objc; path = ChoosePassTests.m; sourceTree = "<group>"; };
/* End PBXFileReference section */

/* Begin PBXFrameworksBuildPhase section */
		C1D64EEB1936F81B00EFE881 /* Frameworks */ = {
			isa = PBXFrameworksBuildPhase;
			buildActionMask = 2147483647;
			files = (
				C1D64EF41936F81B00EFE881 /* CoreGraphics.framework in Frameworks */,
				C1D64EF61936F81B00EFE881 /* UIKit.framework in Frameworks */,
				C1D64EF21936F81B00EFE881 /* Foundation.framework in Frameworks */,
			);
			runOnlyForDeploymentPostprocessing = 0;
		};
		C1D64F0C1936F81B00EFE881 /* Frameworks */ = {
			isa = PBXFrameworksBuildPhase;
			buildActionMask = 2147483647;
			files = (
				C1D64F111936F81B00EFE881 /* XCTest.framework in Frameworks */,
				C1D64F131936F81B00EFE881 /* UIKit.framework in Frameworks */,
				C1D64F121936F81B00EFE881 /* Foundation.framework in Frameworks */,
			);
			runOnlyForDeploymentPostprocessing = 0;
		};
/* End PBXFrameworksBuildPhase section */

/* Begin PBXGroup section */
		C1D64EE51936F81B00EFE881 = {
			isa = PBXGroup;
			children = (
				C1D64EF71936F81B00EFE881 /* ChoosePass */,
				C1D64F161936F81B00EFE881 /* ChoosePassTests */,
				C1D64EF01936F81B00EFE881 /* Frameworks */,
				C1D64EEF1936F81B00EFE881 /* Products */,
			);
			sourceTree = "<group>";
		};
		C1D64EEF1936F81B00EFE881 /* Products */ = {
			isa = PBXGroup;
			children = (
				C1D64EEE1936F81B00EFE881 /* ChoosePass.app */,
				C1D64F0F1936F81B00EFE881 /* ChoosePassTests.xctest */,
			);
			name = Products;
			sourceTree = "<group>";
		};
		C1D64EF01936F81B00EFE881 /* Frameworks */ = {
			isa = PBXGroup;
			children = (
				C1D64EF11936F81B00EFE881 /* Foundation.framework */,
				C1D64EF31936F81B00EFE881 /* CoreGraphics.framework */,
				C1D64EF51936F81B00EFE881 /* UIKit.framework */,
				C1D64F101936F81B00EFE881 /* XCTest.framework */,
			);
			name = Frameworks;
			sourceTree = "<group>";
		};
		C1D64EF71936F81B00EFE881 /* ChoosePass */ = {
			isa = PBXGroup;
			children = (
				C1D64F001936F81B00EFE881 /* AppDelegate.h */,
				C1D64F011936F81B00EFE881 /* AppDelegate.m */,
				C1D64F031936F81B00EFE881 /* Main.storyboard */,
				C1D64F061936F81B00EFE881 /* ViewController.h */,
				C1D64F071936F81B00EFE881 /* ViewController.m */,
				C1D64F091936F81B00EFE881 /* Images.xcassets */,
				C1D64EF81936F81B00EFE881 /* Supporting Files */,
			);
			path = ChoosePass;
			sourceTree = "<group>";
		};
		C1D64EF81936F81B00EFE881 /* Supporting Files */ = {
			isa = PBXGroup;
			children = (
				C1D64EF91936F81B00EFE881 /* ChoosePass-Info.plist */,
				C1D64EFA1936F81B00EFE881 /* InfoPlist.strings */,
				C1D64EFD1936F81B00EFE881 /* main.m */,
				C1D64EFF1936F81B00EFE881 /* ChoosePass-Prefix.pch */,
			);
			name = "Supporting Files";
			sourceTree = "<group>";
		};
		C1D64F161936F81B00EFE881 /* ChoosePassTests */ = {
			isa = PBXGroup;
			children = (
				C1D64F1C1936F81B00EFE881 /* ChoosePassTests.m */,
				C1D64F171936F81B00EFE881 /* Supporting Files */,
			);
			path = ChoosePassTests;
			sourceTree = "<group>";
		};
		C1D64F171936F81B00EFE881 /* Supporting Files */ = {
			isa = PBXGroup;
			children = (
				C1D64F181936F81B00EFE881 /* ChoosePassTests-Info.plist */,
				C1D64F191936F81B00EFE881 /* InfoPlist.strings */,
			);
			name = "Supporting Files";
			sourceTree = "<group>";
		};
/* End PBXGroup section */

/* Begin PBXNativeTarget section */
		C1D64EED1936F81B00EFE881 /* ChoosePass */ = {
			isa = PBXNativeTarget;
			buildConfigurationList = C1D64F201936F81B00EFE881 /* Build configuration list for PBXNativeTarget "ChoosePass" */;
			buildPhases = (
				C1D64EEA1936F81B00EFE881 /* Sources */,
				C1D64EEB1936F81B00EFE881 /* Frameworks */,
				C1D64EEC1936F81B00EFE881 /* Resources */,
			);
			buildRules = (
			);
			dependencies = (
			);
			name = ChoosePass;
			productName = ChoosePass;
			productReference = C1D64EEE1936F81B00EFE881 /* ChoosePass.app */;
			productType = "com.apple.product-type.application";
		};
		C1D64F0E1936F81B00EFE881 /* ChoosePassTests */ = {
			isa = PBXNativeTarget;
			buildConfigurationList = C1D64F231936F81B00EFE881 /* Build configuration list for PBXNativeTarget "ChoosePassTests" */;
			buildPhases = (
				C1D64F0B1936F81B00EFE881 /* Sources */,
				C1D64F0C1936F81B00EFE881 /* Frameworks */,
				C1D64F0D1936F81B00EFE881 /* Resources */,
			);
			buildRules = (
			);
			dependencies = (
				C1D64F151936F81B00EFE881 /* PBXTargetDependency */,
			);
			name = ChoosePassTests;
			productName = ChoosePassTests;
			productReference = C1D64F0F1936F81B00EFE881 /* ChoosePassTests.xctest */;
			productType = "com.apple.product-type.bundle.unit-test";
		};
/* End PBXNativeTarget section */

/* Begin PBXProject section */
		C1D64EE61936F81B00EFE881 /* Project object */ = {
			isa = PBXProject;
			attributes = {
				LastUpgradeCheck = 0510;
				ORGANIZATIONNAME = Dottechnologies;
				TargetAttributes = {
					C1D64F0E1936F81B00EFE881 = {
						TestTargetID = C1D64EED1936F81B00EFE881;
					};
				};
			};
			buildConfigurationList = C1D64EE91936F81B00EFE881 /* Build configuration list for PBXProject "ChoosePass" */;
			compatibilityVersion = "Xcode 3.2";
			developmentRegion = English;
			hasScannedForEncodings = 0;
			knownRegions = (
				en,
				Base,
			);
			mainGroup = C1D64EE51936F81B00EFE881;
			productRefGroup = C1D64EEF1936F81B00EFE881 /* Products */;
			projectDirPath = "";
			projectRoot = "";
			targets = (
				C1D64EED1936F81B00EFE881 /* ChoosePass */,
				C1D64F0E1936F81B00EFE881 /* ChoosePassTests */,
			);
		};
/* End PBXProject section */

/* Begin PBXResourcesBuildPhase section */
		C1D64EEC1936F81B00EFE881 /* Resources */ = {
			isa = PBXResourcesBuildPhase;
			buildActionMask = 2147483647;
			files = (
				C1D64F0A1936F81B00EFE881 /* Images.xcassets in Resources */,
				C1D64EFC1936F81B00EFE881 /* InfoPlist.strings in Resources */,
				C1D64F051936F81B00EFE881 /* Main.storyboard in Resources */,
			);
			runOnlyForDeploymentPostprocessing = 0;
		};
		C1D64F0D1936F81B00EFE881 /* Resources */ = {
			isa = PBXResourcesBuildPhase;
			buildActionMask = 2147483647;
			files = (
				C1D64F1B1936F81B00EFE881 /* InfoPlist.strings in Resources */,
			);
			runOnlyForDeploymentPostprocessing = 0;
		};
/* End PBXResourcesBuildPhase section */

/* Begin PBXSourcesBuildPhase section */
		C1D64EEA1936F81B00EFE881 /* Sources */ = {
			isa = PBXSourcesBuildPhase;
			buildActionMask = 2147483647;
			files = (
				C1D64F081936F81B00EFE881 /* ViewController.m in Sources */,
				C1D64F021936F81B00EFE881 /* AppDelegate.m in Sources */,
				C1D64EFE1936F81B00EFE881 /* main.m in Sources */,
			);
			runOnlyForDeploymentPostprocessing = 0;
		};
		C1D64F0B1936F81B00EFE881 /* Sources */ = {
			isa = PBXSourcesBuildPhase;
			buildActionMask = 2147483647;
			files = (
				C1D64F1D1936F81B00EFE881 /* ChoosePassTests.m in Sources */,
			);
			runOnlyForDeploymentPostprocessing = 0;
		};
/* End PBXSourcesBuildPhase section */

/* Begin PBXTargetDependency section */
		C1D64F151936F81B00EFE881 /* PBXTargetDependency */ = {
			isa = PBXTargetDependency;
			target = C1D64EED1936F81B00EFE881 /* ChoosePass */;
			targetProxy = C1D64F141936F81B00EFE881 /* PBXContainerItemProxy */;
		};
/* End PBXTargetDependency section */

/* Begin PBXVariantGroup section */
		C1D64EFA1936F81B00EFE881 /* InfoPlist.strings */ = {
			isa = PBXVariantGroup;
			children = (
				C1D64EFB1936F81B00EFE881 /* en */,
			);
			name = InfoPlist.strings;
			sourceTree = "<group>";
		};
		C1D64F031936F81B00EFE881 /* Main.storyboard */ = {
			isa = PBXVariantGroup;
			children = (
				C1D64F041936F81B00EFE881 /* Base */,
			);
			name = Main.storyboard;
			sourceTree = "<group>";
		};
		C1D64F191936F81B00EFE881 /* InfoPlist.strings */ = {
			isa = PBXVariantGroup;
			children = (
				C1D64F1A1936F81B00EFE881 /* en */,
			);
			name = InfoPlist.strings;
			sourceTree = "<group>";
		};
/* End PBXVariantGroup section */

/* Begin XCBuildConfiguration section */
		C1D64F1E1936F81B00EFE881 /* Debug */ = {
			isa = XCBuildConfiguration;
			buildSettings = {
				ALWAYS_SEARCH_USER_PATHS = NO;
				CLANG_CXX_LANGUAGE_STANDARD = "gnu++0x";
				CLANG_CXX_LIBRARY = "libc++";
				CLANG_ENABLE_MODULES = YES;
				CLANG_ENABLE_OBJC_ARC = YES;
				CLANG_WARN_BOOL_CONVERSION = YES;
				CLANG_WARN_CONSTANT_CONVERSION = YES;
				CLANG_WARN_DIRECT_OBJC_ISA_USAGE = YES_ERROR;
				CLANG_WARN_EMPTY_BODY = YES;
				CLANG_WARN_ENUM_CONVERSION = YES;
				CLANG_WARN_INT_CONVERSION = YES;
				CLANG_WARN_OBJC_ROOT_CLASS = YES_ERROR;
				CLANG_WARN__DUPLICATE_METHOD_MATCH = YES;
				"CODE_SIGN_IDENTITY[sdk=iphoneos*]" = "iPhone Developer";
				COPY_PHASE_STRIP = NO;
				GCC_C_LANGUAGE_STANDARD = gnu99;
				GCC_DYNAMIC_NO_PIC = NO;
				GCC_OPTIMIZATION_LEVEL = 0;
				GCC_PREPROCESSOR_DEFINITIONS = (
					"DEBUG=1",
					"$(inherited)",
				);
				GCC_SYMBOLS_PRIVATE_EXTERN = NO;
				GCC_WARN_64_TO_32_BIT_CONVERSION = YES;
				GCC_WARN_ABOUT_RETURN_TYPE = YES_ERROR;
				GCC_WARN_UNDECLARED_SELECTOR = YES;
				GCC_WARN_UNINITIALIZED_AUTOS = YES_AGGRESSIVE;
				GCC_WARN_UNUSED_FUNCTION = YES;
				GCC_WARN_UNUSED_VARIABLE = YES;
				IPHONEOS_DEPLOYMENT_TARGET = 7.1;
				ONLY_ACTIVE_ARCH = YES;
				SDKROOT = iphoneos;
			};
			name = Debug;
		};
		C1D64F1F1936F81B00EFE881 /* Release */ = {
			isa = XCBuildConfiguration;
			buildSettings = {
				ALWAYS_SEARCH_USER_PATHS = NO;
				CLANG_CXX_LANGUAGE_STANDARD = "gnu++0x";
				CLANG_CXX_LIBRARY = "libc++";
				CLANG_ENABLE_MODULES = YES;
				CLANG_ENABLE_OBJC_ARC = YES;
				CLANG_WARN_BOOL_CONVERSION = YES;
				CLANG_WARN_CONSTANT_CONVERSION = YES;
				CLANG_WARN_DIRECT_OBJC_ISA_USAGE = YES_ERROR;
				CLANG_WARN_EMPTY_BODY = YES;
				CLANG_WARN_ENUM_CONVERSION = YES;
				CLANG_WARN_INT_CONVERSION = YES;
				CLANG_WARN_OBJC_ROOT_CLASS = YES_ERROR;
				CLANG_WARN__DUPLICATE_METHOD_MATCH = YES;
				"CODE_SIGN_IDENTITY[sdk=iphoneos*]" = "iPhone Developer";
				COPY_PHASE_STRIP = YES;
				ENABLE_NS_ASSERTIONS = NO;
				GCC_C_LANGUAGE_STANDARD = gnu99;
				GCC_WARN_64_TO_32_BIT_CONVERSION = YES;
				GCC_WARN_ABOUT_RETURN_TYPE = YES_ERROR;
				GCC_WARN_UNDECLARED_SELECTOR = YES;
				GCC_WARN_UNINITIALIZED_AUTOS = YES_AGGRESSIVE;
				GCC_WARN_UNUSED_FUNCTION = YES;
				GCC_WARN_UNUSED_VARIABLE = YES;
				IPHONEOS_DEPLOYMENT_TARGET = 7.1;
				SDKROOT = iphoneos;
				VALIDATE_PRODUCT = YES;
			};
			name = Release;
		};
		C1D64F211936F81B00EFE881 /* Debug */ = {
			isa = XCBuildConfiguration;
			buildSettings = {
				ASSETCATALOG_COMPILER_APPICON_NAME = AppIcon;
				ASSETCATALOG_COMPILER_LAUNCHIMAGE_NAME = LaunchImage;
				GCC_PRECOMPILE_PREFIX_HEADER = YES;
				GCC_PREFIX_HEADER = "ChoosePass/ChoosePass-Prefix.pch";
				INFOPLIST_FILE = "ChoosePass/ChoosePass-Info.plist";
				PRODUCT_NAME = "$(TARGET_NAME)";
				WRAPPER_EXTENSION = app;
			};
			name = Debug;
		};
		C1D64F221936F81B00EFE881 /* Release */ = {
			isa = XCBuildConfiguration;
			buildSettings = {
				ASSETCATALOG_COMPILER_APPICON_NAME = AppIcon;
				ASSETCATALOG_COMPILER_LAUNCHIMAGE_NAME = LaunchImage;
				GCC_PRECOMPILE_PREFIX_HEADER = YES;
				GCC_PREFIX_HEADER = "ChoosePass/ChoosePass-Prefix.pch";
				INFOPLIST_FILE = "ChoosePass/ChoosePass-Info.plist";
				PRODUCT_NAME = "$(TARGET_NAME)";
				WRAPPER_EXTENSION = app;
			};
			name = Release;
		};
		C1D64F241936F81B00EFE881 /* Debug */ = {
			isa = XCBuildConfiguration;
			buildSettings = {
				BUNDLE_LOADER = "$(BUILT_PRODUCTS_DIR)/ChoosePass.app/ChoosePass";
				FRAMEWORK_SEARCH_PATHS = (
					"$(SDKROOT)/Developer/Library/Frameworks",
					"$(inherited)",
					"$(DEVELOPER_FRAMEWORKS_DIR)",
				);
				GCC_PRECOMPILE_PREFIX_HEADER = YES;
				GCC_PREFIX_HEADER = "ChoosePass/ChoosePass-Prefix.pch";
				GCC_PREPROCESSOR_DEFINITIONS = (
					"DEBUG=1",
					"$(inherited)",
				);
				INFOPLIST_FILE = "ChoosePassTests/ChoosePassTests-Info.plist";
				PRODUCT_NAME = "$(TARGET_NAME)";
				TEST_HOST = "$(BUNDLE_LOADER)";
				WRAPPER_EXTENSION = xctest;
			};
			name = Debug;
		};
		C1D64F251936F81B00EFE881 /* Release */ = {
			isa = XCBuildConfiguration;
			buildSettings = {
				BUNDLE_LOADER = "$(BUILT_PRODUCTS_DIR)/ChoosePass.app/ChoosePass";
				FRAMEWORK_SEARCH_PATHS = (
					"$(SDKROOT)/Developer/Library/Frameworks",
					"$(inherited)",
					"$(DEVELOPER_FRAMEWORKS_DIR)",
				);
				GCC_PRECOMPILE_PREFIX_HEADER = YES;
				GCC_PREFIX_HEADER = "ChoosePass/ChoosePass-Prefix.pch";
				INFOPLIST_FILE = "ChoosePassTests/ChoosePassTests-Info.plist";
				PRODUCT_NAME = "$(TARGET_NAME)";
				TEST_HOST = "$(BUNDLE_LOADER)";
				WRAPPER_EXTENSION = xctest;
			};
			name = Release;
		};
/* End XCBuildConfiguration section */

/* Begin XCConfigurationList section */
		C1D64EE91936F81B00EFE881 /* Build configuration list for PBXProject "ChoosePass" */ = {
			isa = XCConfigurationList;
			buildConfigurations = (
				C1D64F1E1936F81B00EFE881 /* Debug */,
				C1D64F1F1936F81B00EFE881 /* Release */,
			);
			defaultConfigurationIsVisible = 0;
			defaultConfigurationName = Release;
		};
		C1D64F201936F81B00EFE881 /* Build configuration list for PBXNativeTarget "ChoosePass" */ = {
			isa = XCConfigurationList;
			buildConfigurations = (
				C1D64F211936F81B00EFE881 /* Debug */,
				C1D64F221936F81B00EFE881 /* Release */,
			);
			defaultConfigurationIsVisible = 0;
		};
		C1D64F231936F81B00EFE881 /* Build configuration list for PBXNativeTarget "ChoosePassTests" */ = {
			isa = XCConfigurationList;
			buildConfigurations = (
				C1D64F241936F81B00EFE881 /* Debug */,
				C1D64F251936F81B00EFE881 /* Release */,
			);
			defaultConfigurationIsVisible = 0;
		};
/* End XCConfigurationList section */
	};
	rootObject = C1D64EE61936F81B00EFE881 /* Project object */;
}
